
Microsoft Visual Studio Solution File, Format Version 12.00
# Visual Studio Version 16
VisualStudioVersion = 16.0.29025.244
MinimumVisualStudioVersion = 10.0.40219.1
Project("{FAE04EC0-301F-11D3-BF4B-00C04F79EFBC}") = "BankerPro.Android", "BankerPro\BankerPro.Android\BankerPro.Android.csproj", "{057CD76A-E6BF-41CB-BFC4-5B36A3C02511}"
EndProject
Project("{FAE04EC0-301F-11D3-BF4B-00C04F79EFBC}") = "BankerPro.iOS", "BankerPro\BankerPro.iOS\BankerPro.iOS.csproj", "{B3AD833E-016F-404E-95F2-B2F149383377}"
EndProject
Project("{FAE04EC0-301F-11D3-BF4B-00C04F79EFBC}") = "BankerPro", "BankerPro\BankerPro\BankerPro.csproj", "{A3F47C17-96B0-42AD-8841-7FB80A02A70B}"
EndProject
Global
	GlobalSection(SolutionConfigurationPlatforms) = preSolution
		Debug|Any CPU = Debug|Any CPU
		Debug|iPhone = Debug|iPhone
		Debug|iPhoneSimulator = Debug|iPhoneSimulator
		Release|Any CPU = Release|Any CPU
		Release|iPhone = Release|iPhone
		Release|iPhoneSimulator = Release|iPhoneSimulator
	EndGlobalSection
	GlobalSection(ProjectConfigurationPlatforms) = postSolution
		{057CD76A-E6BF-41CB-BFC4-5B36A3C02511}.Debug|Any CPU.ActiveCfg = Debug|Any CPU
		{057CD76A-E6BF-41CB-BFC4-5B36A3C02511}.Debug|Any CPU.Build.0 = Debug|Any CPU
		{057CD76A-E6BF-41CB-BFC4-5B36A3C02511}.Debug|Any CPU.Deploy.0 = Debug|Any CPU
		{057CD76A-E6BF-41CB-BFC4-5B36A3C02511}.Debug|iPhone.ActiveCfg = Debug|Any CPU
		{057CD76A-E6BF-41CB-BFC4-5B36A3C02511}.Debug|iPhone.Build.0 = Debug|Any CPU
		{057CD76A-E6BF-41CB-BFC4-5B36A3C02511}.Debug|iPhone.Deploy.0 = Debug|Any CPU
		{057CD76A-E6BF-41CB-BFC4-5B36A3C02511}.Debug|iPhoneSimulator.ActiveCfg = Debug|Any CPU
		{057CD76A-E6BF-41CB-BFC4-5B36A3C02511}.Debug|iPhoneSimulator.Build.0 = Debug|Any CPU
		{057CD76A-E6BF-41CB-BFC4-5B36A3C02511}.Debug|iPhoneSimulator.Deploy.0 = Debug|Any CPU
		{057CD76A-E6BF-41CB-BFC4-5B36A3C02511}.Release|Any CPU.ActiveCfg = Release|Any CPU
		{057CD76A-E6BF-41CB-BFC4-5B36A3C02511}.Release|Any CPU.Build.0 = Release|Any CPU
		{057CD76A-E6BF-41CB-BFC4-5B36A3C02511}.Release|Any CPU.Deploy.0 = Release|Any CPU
		{057CD76A-E6BF-41CB-BFC4-5B36A3C02511}.Release|iPhone.ActiveCfg = Release|Any CPU
		{057CD76A-E6BF-41CB-BFC4-5B36A3C02511}.Release|iPhone.Build.0 = Release|Any CPU
		{057CD76A-E6BF-41CB-BFC4-5B36A3C02511}.Release|iPhone.Deploy.0 = Release|Any CPU
		{057CD76A-E6BF-41CB-BFC4-5B36A3C02511}.Release|iPhoneSimulator.ActiveCfg = Release|Any CPU
		{057CD76A-E6BF-41CB-BFC4-5B36A3C02511}.Release|iPhoneSimulator.Build.0 = Release|Any CPU
		{057CD76A-E6BF-41CB-BFC4-5B36A3C02511}.Release|iPhoneSimulator.Deploy.0 = Release|Any CPU
		{B3AD833E-016F-404E-95F2-B2F149383377}.Debug|Any CPU.ActiveCfg = Debug|iPhoneSimulator
		{B3AD833E-016F-404E-95F2-B2F149383377}.Debug|Any CPU.Build.0 = Debug|iPhoneSimulator
		{B3AD833E-016F-404E-95F2-B2F149383377}.Debug|Any CPU.Deploy.0 = Debug|iPhoneSimulator
		{B3AD833E-016F-404E-95F2-B2F149383377}.Debug|iPhone.ActiveCfg = Debug|iPhone
		{B3AD833E-016F-404E-95F2-B2F149383377}.Debug|iPhone.Build.0 = Debug|iPhone
		{B3AD833E-016F-404E-95F2-B2F149383377}.Debug|iPhone.Deploy.0 = Debug|iPhone
		{B3AD833E-016F-404E-95F2-B2F149383377}.Debug|iPhoneSimulator.ActiveCfg = Debug|iPhoneSimulator
		{B3AD833E-016F-404E-95F2-B2F149383377}.Debug|iPhoneSimulator.Build.0 = Debug|iPhoneSimulator
		{B3AD833E-016F-404E-95F2-B2F149383377}.Debug|iPhoneSimulator.Deploy.0 = Debug|iPhoneSimulator
		{B3AD833E-016F-404E-95F2-B2F149383377}.Release|Any CPU.ActiveCfg = Release|iPhone
		{B3AD833E-016F-404E-95F2-B2F149383377}.Release|Any CPU.Build.0 = Release|iPhone
		{B3AD833E-016F-404E-95F2-B2F149383377}.Release|Any CPU.Deploy.0 = Release|iPhone
		{B3AD833E-016F-404E-95F2-B2F149383377}.Release|iPhone.ActiveCfg = Release|iPhone
		{B3AD833E-016F-404E-95F2-B2F149383377}.Release|iPhone.Build.0 = Release|iPhone
		{B3AD833E-016F-404E-95F2-B2F149383377}.Release|iPhone.Deploy.0 = Release|iPhone
		{B3AD833E-016F-404E-95F2-B2F149383377}.Release|iPhoneSimulator.ActiveCfg = Release|iPhoneSimulator
		{B3AD833E-016F-404E-95F2-B2F149383377}.Release|iPhoneSimulator.Build.0 = Release|iPhoneSimulator
		{B3AD833E-016F-404E-95F2-B2F149383377}.Release|iPhoneSimulator.Deploy.0 = Release|iPhoneSimulator
		{A3F47C17-96B0-42AD-8841-7FB80A02A70B}.Debug|Any CPU.ActiveCfg = Debug|Any CPU
		{A3F47C17-96B0-42AD-8841-7FB80A02A70B}.Debug|Any CPU.Build.0 = Debug|Any CPU
		{A3F47C17-96B0-42AD-8841-7FB80A02A70B}.Debug|Any CPU.Deploy.0 = Debug|Any CPU
		{A3F47C17-96B0-42AD-8841-7FB80A02A70B}.Debug|iPhone.ActiveCfg = Debug|Any CPU
		{A3F47C17-96B0-42AD-8841-7FB80A02A70B}.Debug|iPhone.Build.0 = Debug|Any CPU
		{A3F47C17-96B0-42AD-8841-7FB80A02A70B}.Debug|iPhone.Deploy.0 = Debug|Any CPU
		{A3F47C17-96B0-42AD-8841-7FB80A02A70B}.Debug|iPhoneSimulator.ActiveCfg = Debug|Any CPU
		{A3F47C17-96B0-42AD-8841-7FB80A02A70B}.Debug|iPhoneSimulator.Build.0 = Debug|Any CPU
		{A3F47C17-96B0-42AD-8841-7FB80A02A70B}.Debug|iPhoneSimulator.Deploy.0 = Debug|Any CPU
		{A3F47C17-96B0-42AD-8841-7FB80A02A70B}.Release|Any CPU.ActiveCfg = Release|Any CPU
		{A3F47C17-96B0-42AD-8841-7FB80A02A70B}.Release|Any CPU.Build.0 = Release|Any CPU
		{A3F47C17-96B0-42AD-8841-7FB80A02A70B}.Release|Any CPU.Deploy.0 = Release|Any CPU
		{A3F47C17-96B0-42AD-8841-7FB80A02A70B}.Release|iPhone.ActiveCfg = Release|Any CPU
		{A3F47C17-96B0-42AD-8841-7FB80A02A70B}.Release|iPhone.Build.0 = Release|Any CPU
		{A3F47C17-96B0-42AD-8841-7FB80A02A70B}.Release|iPhone.Deploy.0 = Release|Any CPU
		{A3F47C17-96B0-42AD-8841-7FB80A02A70B}.Release|iPhoneSimulator.ActiveCfg = Release|Any CPU
		{A3F47C17-96B0-42AD-8841-7FB80A02A70B}.Release|iPhoneSimulator.Build.0 = Release|Any CPU
		{A3F47C17-96B0-42AD-8841-7FB80A02A70B}.Release|iPhoneSimulator.Deploy.0 = Release|Any CPU
	EndGlobalSection
	GlobalSection(SolutionProperties) = preSolution
		HideSolutionNode = FALSE
	EndGlobalSection
	GlobalSection(ExtensibilityGlobals) = postSolution
		SolutionGuid = {AB21C2B4-68D9-49A2-9E9C-757E3B13E1A8}
	EndGlobalSection
EndGlobal
